
Microsoft Visual Studio Solution File, Format Version 12.00
# Visual Studio Version 16
VisualStudioVersion = 16.0.32413.511
MinimumVisualStudioVersion = 10.0.40219.1
Project("{2150E333-8FDC-42A3-9474-1A3956D46DE8}") = "Task0", "Task0", "{013C596D-592B-4EFF-83C1-030058923514}"
EndProject
Project("{8BC9CEB8-8B4A-11D0-8D11-00A0C91BC942}") = "Tyuiu.NikolaevaAN.Sprint1.Task0.V5", "Tyuiu.NikolaevaAN.Sprint1.Task0\Tyuiu.NikolaevaAN.Sprint1.Task0.vcxproj", "{52C19C49-C889-4BC9-8E12-EEF7CC8F0002}"
EndProject
Project("{8BC9CEB8-8B4A-11D0-8D11-00A0C91BC942}") = "Tyuiu.NikolaevaAN.Sprint1.Task0.V5.Lib", "Tyuiu.NikolaevaAN.Sprint1.Task0.Lib\Tyuiu.NikolaevaAN.Sprint1.Task0.Lib.vcxproj", "{920B6034-F6CC-4A8A-B4FE-6223C5130FD5}"
EndProject
Project("{8BC9CEB8-8B4A-11D0-8D11-00A0C91BC942}") = "Tyuiu.NikolaevaAN.Sprint1.Task0.V5.Test", "Tyuiu.NikolaevaAN.Sprint1.Task0.Test\Tyuiu.NikolaevaAN.Sprint1.Task0.Test.vcxproj", "{1BF2D2EB-F3C5-422E-9EFA-C72EB68219E2}"
EndProject
Project("{2150E333-8FDC-42A3-9474-1A3956D46DE8}") = "Task1", "Task1", "{74A49E2C-6CB6-425F-AD48-EC1CC2FD2EF6}"
EndProject
Project("{8BC9CEB8-8B4A-11D0-8D11-00A0C91BC942}") = "Tyuiu.NikolaevaAN.Sprint1.Task1.V5", "Tyuiu.NikolaevaAN.Sprint1.Task1.V5\Tyuiu.NikolaevaAN.Sprint1.Task1.V5.vcxproj", "{4F1472DE-0B13-48CD-A5F8-3380D537F813}"
EndProject
Project("{8BC9CEB8-8B4A-11D0-8D11-00A0C91BC942}") = "Tyuiu.NikolaevaAN.Sprint1.Task1.V5.Lib", "Tyuiu.NikolaevaAN.Sprint1.Task1.V5.Lib\Tyuiu.NikolaevaAN.Sprint1.Task1.V5.Lib.vcxproj", "{BCE98DA4-B6CC-4168-BCE1-06ECB2511081}"
EndProject
Project("{8BC9CEB8-8B4A-11D0-8D11-00A0C91BC942}") = "Tyuiu.NikolaevaAN.Sprint1.Task1.V5.Test", "Tyuiu.NikolaevaAN.Sprint1.Task1.V5.Test\Tyuiu.NikolaevaAN.Sprint1.Task1.V5.Test.vcxproj", "{62069B2E-CDFE-4851-B4D4-7284C2C3CF44}"
EndProject
Project("{2150E333-8FDC-42A3-9474-1A3956D46DE8}") = "Task2", "Task2", "{D9DB4EBD-0435-4052-9A24-D69E9592D804}"
EndProject
Project("{8BC9CEB8-8B4A-11D0-8D11-00A0C91BC942}") = "Tyuiu.NikolaevaAN.Sprint1.Task2.V5", "Tyuiu.NikolaevaAN.Sprint1.Task2.V5\Tyuiu.NikolaevaAN.Sprint1.Task2.V5.vcxproj", "{E0FC9A18-C2BE-4384-A3A1-B191841ABB28}"
EndProject
Project("{8BC9CEB8-8B4A-11D0-8D11-00A0C91BC942}") = "Tyuiu.NikolaevaAN.Sprint1.Task2.V5.Lib", "Tyuiu.NikolaevaAN.Sprint1.Task2.V5.Lib\Tyuiu.NikolaevaAN.Sprint1.Task2.V5.Lib.vcxproj", "{AE8657C6-EEE1-4525-BF14-9508D9E3E75C}"
EndProject
Project("{8BC9CEB8-8B4A-11D0-8D11-00A0C91BC942}") = "Tyuiu.NikolaevaAN.Sprint1.Task2.V5.Test", "Tyuiu.NikolaevaAN.Sprint1.Task2.V5.Test\Tyuiu.NikolaevaAN.Sprint1.Task2.V5.Test.vcxproj", "{C67694FA-791F-4AC9-A9C3-A7A1279C22E7}"
EndProject
Project("{2150E333-8FDC-42A3-9474-1A3956D46DE8}") = "Task3", "Task3", "{90A22EBB-A78F-4F31-80FD-8048D727C276}"
EndProject
Project("{8BC9CEB8-8B4A-11D0-8D11-00A0C91BC942}") = "Tyuiu.NikolaevaAN.Sprint1.Task3", "Tyuiu.NikolaevaAN.Sprint1.Task3\Tyuiu.NikolaevaAN.Sprint1.Task3.vcxproj", "{EFB6186C-22C5-4855-A6D2-D03EBC5B9193}"
EndProject
Project("{8BC9CEB8-8B4A-11D0-8D11-00A0C91BC942}") = "Tyuiu.NikolaevaAN.Sprint1.Task3.Lib", "Tyuiu.NikolaevaAN.Sprint1.Task3.Lib\Tyuiu.NikolaevaAN.Sprint1.Task3.Lib.vcxproj", "{084ED851-8114-4825-86CA-C46FCE27520D}"
EndProject
Project("{8BC9CEB8-8B4A-11D0-8D11-00A0C91BC942}") = "Tyuiu.NikolaevaAN.Sprint1.Task3.Test", "Tyuiu.NikolaevaAN.Sprint1.Task3.Test\Tyuiu.NikolaevaAN.Sprint1.Task3.Test.vcxproj", "{5B561F20-D6B1-4F54-B717-E85923F4CA2F}"
EndProject
Project("{2150E333-8FDC-42A3-9474-1A3956D46DE8}") = "Task4", "Task4", "{AA87C101-44A2-4525-A459-5CFBF3E3FE64}"
EndProject
Project("{8BC9CEB8-8B4A-11D0-8D11-00A0C91BC942}") = "Tyuiu.NikolaevaAN.Sprint1.Task4.Lib", "Tyuiu.NikolaevaAN.Sprint1.Task4.Lib\Tyuiu.NikolaevaAN.Sprint1.Task4.Lib.vcxproj", "{F1D4B7AE-B4D3-4C7A-B7D9-BBD9BA353D76}"
EndProject
Project("{8BC9CEB8-8B4A-11D0-8D11-00A0C91BC942}") = "Tyuiu.NikolaevaAN.Sprint1.Task4", "Tyuiu.NikolaevaAN.Sprint1.Task4\Tyuiu.NikolaevaAN.Sprint1.Task4.vcxproj", "{72977321-065E-47BA-BDE8-FD8C4FA2045B}"
EndProject
Project("{8BC9CEB8-8B4A-11D0-8D11-00A0C91BC942}") = "Tyuiu.NikolaevaAN.Sprint1.Task4.Test", "Tyuiu.NikolaevaAN.Sprint1.Task4.Test\Tyuiu.NikolaevaAN.Sprint1.Task4.Test.vcxproj", "{508C2E30-CEDE-4BCA-A1E2-45FB1D95639F}"
EndProject
Global
	GlobalSection(SolutionConfigurationPlatforms) = preSolution
		Debug|x64 = Debug|x64
		Debug|x86 = Debug|x86
		Release|x64 = Release|x64
		Release|x86 = Release|x86
	EndGlobalSection
	GlobalSection(ProjectConfigurationPlatforms) = postSolution
		{52C19C49-C889-4BC9-8E12-EEF7CC8F0002}.Debug|x64.ActiveCfg = Debug|x64
		{52C19C49-C889-4BC9-8E12-EEF7CC8F0002}.Debug|x64.Build.0 = Debug|x64
		{52C19C49-C889-4BC9-8E12-EEF7CC8F0002}.Debug|x86.ActiveCfg = Debug|Win32
		{52C19C49-C889-4BC9-8E12-EEF7CC8F0002}.Debug|x86.Build.0 = Debug|Win32
		{52C19C49-C889-4BC9-8E12-EEF7CC8F0002}.Release|x64.ActiveCfg = Release|x64
		{52C19C49-C889-4BC9-8E12-EEF7CC8F0002}.Release|x64.Build.0 = Release|x64
		{52C19C49-C889-4BC9-8E12-EEF7CC8F0002}.Release|x86.ActiveCfg = Release|Win32
		{52C19C49-C889-4BC9-8E12-EEF7CC8F0002}.Release|x86.Build.0 = Release|Win32
		{920B6034-F6CC-4A8A-B4FE-6223C5130FD5}.Debug|x64.ActiveCfg = Debug|x64
		{920B6034-F6CC-4A8A-B4FE-6223C5130FD5}.Debug|x64.Build.0 = Debug|x64
		{920B6034-F6CC-4A8A-B4FE-6223C5130FD5}.Debug|x86.ActiveCfg = Debug|Win32
		{920B6034-F6CC-4A8A-B4FE-6223C5130FD5}.Debug|x86.Build.0 = Debug|Win32
		{920B6034-F6CC-4A8A-B4FE-6223C5130FD5}.Release|x64.ActiveCfg = Release|x64
		{920B6034-F6CC-4A8A-B4FE-6223C5130FD5}.Release|x64.Build.0 = Release|x64
		{920B6034-F6CC-4A8A-B4FE-6223C5130FD5}.Release|x86.ActiveCfg = Release|Win32
		{920B6034-F6CC-4A8A-B4FE-6223C5130FD5}.Release|x86.Build.0 = Release|Win32
		{1BF2D2EB-F3C5-422E-9EFA-C72EB68219E2}.Debug|x64.ActiveCfg = Debug|x64
		{1BF2D2EB-F3C5-422E-9EFA-C72EB68219E2}.Debug|x64.Build.0 = Debug|x64
		{1BF2D2EB-F3C5-422E-9EFA-C72EB68219E2}.Debug|x86.ActiveCfg = Debug|Win32
		{1BF2D2EB-F3C5-422E-9EFA-C72EB68219E2}.Debug|x86.Build.0 = Debug|Win32
		{1BF2D2EB-F3C5-422E-9EFA-C72EB68219E2}.Release|x64.ActiveCfg = Release|x64
		{1BF2D2EB-F3C5-422E-9EFA-C72EB68219E2}.Release|x64.Build.0 = Release|x64
		{1BF2D2EB-F3C5-422E-9EFA-C72EB68219E2}.Release|x86.ActiveCfg = Release|Win32
		{1BF2D2EB-F3C5-422E-9EFA-C72EB68219E2}.Release|x86.Build.0 = Release|Win32
		{4F1472DE-0B13-48CD-A5F8-3380D537F813}.Debug|x64.ActiveCfg = Debug|x64
		{4F1472DE-0B13-48CD-A5F8-3380D537F813}.Debug|x64.Build.0 = Debug|x64
		{4F1472DE-0B13-48CD-A5F8-3380D537F813}.Debug|x86.ActiveCfg = Debug|Win32
		{4F1472DE-0B13-48CD-A5F8-3380D537F813}.Debug|x86.Build.0 = Debug|Win32
		{4F1472DE-0B13-48CD-A5F8-3380D537F813}.Release|x64.ActiveCfg = Release|x64
		{4F1472DE-0B13-48CD-A5F8-3380D537F813}.Release|x64.Build.0 = Release|x64
		{4F1472DE-0B13-48CD-A5F8-3380D537F813}.Release|x86.ActiveCfg = Release|Win32
		{4F1472DE-0B13-48CD-A5F8-3380D537F813}.Release|x86.Build.0 = Release|Win32
		{BCE98DA4-B6CC-4168-BCE1-06ECB2511081}.Debug|x64.ActiveCfg = Debug|x64
		{BCE98DA4-B6CC-4168-BCE1-06ECB2511081}.Debug|x64.Build.0 = Debug|x64
		{BCE98DA4-B6CC-4168-BCE1-06ECB2511081}.Debug|x86.ActiveCfg = Debug|Win32
		{BCE98DA4-B6CC-4168-BCE1-06ECB2511081}.Debug|x86.Build.0 = Debug|Win32
		{BCE98DA4-B6CC-4168-BCE1-06ECB2511081}.Release|x64.ActiveCfg = Release|x64
		{BCE98DA4-B6CC-4168-BCE1-06ECB2511081}.Release|x64.Build.0 = Release|x64
		{BCE98DA4-B6CC-4168-BCE1-06ECB2511081}.Release|x86.ActiveCfg = Release|Win32
		{BCE98DA4-B6CC-4168-BCE1-06ECB2511081}.Release|x86.Build.0 = Release|Win32
		{62069B2E-CDFE-4851-B4D4-7284C2C3CF44}.Debug|x64.ActiveCfg = Debug|x64
		{62069B2E-CDFE-4851-B4D4-7284C2C3CF44}.Debug|x64.Build.0 = Debug|x64
		{62069B2E-CDFE-4851-B4D4-7284C2C3CF44}.Debug|x86.ActiveCfg = Debug|Win32
		{62069B2E-CDFE-4851-B4D4-7284C2C3CF44}.Debug|x86.Build.0 = Debug|Win32
		{62069B2E-CDFE-4851-B4D4-7284C2C3CF44}.Release|x64.ActiveCfg = Release|x64
		{62069B2E-CDFE-4851-B4D4-7284C2C3CF44}.Release|x64.Build.0 = Release|x64
		{62069B2E-CDFE-4851-B4D4-7284C2C3CF44}.Release|x86.ActiveCfg = Release|Win32
		{62069B2E-CDFE-4851-B4D4-7284C2C3CF44}.Release|x86.Build.0 = Release|Win32
		{E0FC9A18-C2BE-4384-A3A1-B191841ABB28}.Debug|x64.ActiveCfg = Debug|x64
		{E0FC9A18-C2BE-4384-A3A1-B191841ABB28}.Debug|x64.Build.0 = Debug|x64
		{E0FC9A18-C2BE-4384-A3A1-B191841ABB28}.Debug|x86.ActiveCfg = Debug|Win32
		{E0FC9A18-C2BE-4384-A3A1-B191841ABB28}.Debug|x86.Build.0 = Debug|Win32
		{E0FC9A18-C2BE-4384-A3A1-B191841ABB28}.Release|x64.ActiveCfg = Release|x64
		{E0FC9A18-C2BE-4384-A3A1-B191841ABB28}.Release|x64.Build.0 = Release|x64
		{E0FC9A18-C2BE-4384-A3A1-B191841ABB28}.Release|x86.ActiveCfg = Release|Win32
		{E0FC9A18-C2BE-4384-A3A1-B191841ABB28}.Release|x86.Build.0 = Release|Win32
		{AE8657C6-EEE1-4525-BF14-9508D9E3E75C}.Debug|x64.ActiveCfg = Debug|x64
		{AE8657C6-EEE1-4525-BF14-9508D9E3E75C}.Debug|x64.Build.0 = Debug|x64
		{AE8657C6-EEE1-4525-BF14-9508D9E3E75C}.Debug|x86.ActiveCfg = Debug|Win32
		{AE8657C6-EEE1-4525-BF14-9508D9E3E75C}.Debug|x86.Build.0 = Debug|Win32
		{AE8657C6-EEE1-4525-BF14-9508D9E3E75C}.Release|x64.ActiveCfg = Release|x64
		{AE8657C6-EEE1-4525-BF14-9508D9E3E75C}.Release|x64.Build.0 = Release|x64
		{AE8657C6-EEE1-4525-BF14-9508D9E3E75C}.Release|x86.ActiveCfg = Release|Win32
		{AE8657C6-EEE1-4525-BF14-9508D9E3E75C}.Release|x86.Build.0 = Release|Win32
		{C67694FA-791F-4AC9-A9C3-A7A1279C22E7}.Debug|x64.ActiveCfg = Debug|x64
		{C67694FA-791F-4AC9-A9C3-A7A1279C22E7}.Debug|x64.Build.0 = Debug|x64
		{C67694FA-791F-4AC9-A9C3-A7A1279C22E7}.Debug|x86.ActiveCfg = Debug|Win32
		{C67694FA-791F-4AC9-A9C3-A7A1279C22E7}.Debug|x86.Build.0 = Debug|Win32
		{C67694FA-791F-4AC9-A9C3-A7A1279C22E7}.Release|x64.ActiveCfg = Release|x64
		{C67694FA-791F-4AC9-A9C3-A7A1279C22E7}.Release|x64.Build.0 = Release|x64
		{C67694FA-791F-4AC9-A9C3-A7A1279C22E7}.Release|x86.ActiveCfg = Release|Win32
		{C67694FA-791F-4AC9-A9C3-A7A1279C22E7}.Release|x86.Build.0 = Release|Win32
		{EFB6186C-22C5-4855-A6D2-D03EBC5B9193}.Debug|x64.ActiveCfg = Debug|x64
		{EFB6186C-22C5-4855-A6D2-D03EBC5B9193}.Debug|x64.Build.0 = Debug|x64
		{EFB6186C-22C5-4855-A6D2-D03EBC5B9193}.Debug|x86.ActiveCfg = Debug|Win32
		{EFB6186C-22C5-4855-A6D2-D03EBC5B9193}.Debug|x86.Build.0 = Debug|Win32
		{EFB6186C-22C5-4855-A6D2-D03EBC5B9193}.Release|x64.ActiveCfg = Release|x64
		{EFB6186C-22C5-4855-A6D2-D03EBC5B9193}.Release|x64.Build.0 = Release|x64
		{EFB6186C-22C5-4855-A6D2-D03EBC5B9193}.Release|x86.ActiveCfg = Release|Win32
		{EFB6186C-22C5-4855-A6D2-D03EBC5B9193}.Release|x86.Build.0 = Release|Win32
		{084ED851-8114-4825-86CA-C46FCE27520D}.Debug|x64.ActiveCfg = Debug|x64
		{084ED851-8114-4825-86CA-C46FCE27520D}.Debug|x64.Build.0 = Debug|x64
		{084ED851-8114-4825-86CA-C46FCE27520D}.Debug|x86.ActiveCfg = Debug|Win32
		{084ED851-8114-4825-86CA-C46FCE27520D}.Debug|x86.Build.0 = Debug|Win32
		{084ED851-8114-4825-86CA-C46FCE27520D}.Release|x64.ActiveCfg = Release|x64
		{084ED851-8114-4825-86CA-C46FCE27520D}.Release|x64.Build.0 = Release|x64
		{084ED851-8114-4825-86CA-C46FCE27520D}.Release|x86.ActiveCfg = Release|Win32
		{084ED851-8114-4825-86CA-C46FCE27520D}.Release|x86.Build.0 = Release|Win32
		{5B561F20-D6B1-4F54-B717-E85923F4CA2F}.Debug|x64.ActiveCfg = Debug|x64
		{5B561F20-D6B1-4F54-B717-E85923F4CA2F}.Debug|x64.Build.0 = Debug|x64
		{5B561F20-D6B1-4F54-B717-E85923F4CA2F}.Debug|x86.ActiveCfg = Debug|Win32
		{5B561F20-D6B1-4F54-B717-E85923F4CA2F}.Debug|x86.Build.0 = Debug|Win32
		{5B561F20-D6B1-4F54-B717-E85923F4CA2F}.Release|x64.ActiveCfg = Release|x64
		{5B561F20-D6B1-4F54-B717-E85923F4CA2F}.Release|x64.Build.0 = Release|x64
		{5B561F20-D6B1-4F54-B717-E85923F4CA2F}.Release|x86.ActiveCfg = Release|Win32
		{5B561F20-D6B1-4F54-B717-E85923F4CA2F}.Release|x86.Build.0 = Release|Win32
		{F1D4B7AE-B4D3-4C7A-B7D9-BBD9BA353D76}.Debug|x64.ActiveCfg = Debug|x64
		{F1D4B7AE-B4D3-4C7A-B7D9-BBD9BA353D76}.Debug|x64.Build.0 = Debug|x64
		{F1D4B7AE-B4D3-4C7A-B7D9-BBD9BA353D76}.Debug|x86.ActiveCfg = Debug|Win32
		{F1D4B7AE-B4D3-4C7A-B7D9-BBD9BA353D76}.Debug|x86.Build.0 = Debug|Win32
		{F1D4B7AE-B4D3-4C7A-B7D9-BBD9BA353D76}.Release|x64.ActiveCfg = Release|x64
		{F1D4B7AE-B4D3-4C7A-B7D9-BBD9BA353D76}.Release|x64.Build.0 = Release|x64
		{F1D4B7AE-B4D3-4C7A-B7D9-BBD9BA353D76}.Release|x86.ActiveCfg = Release|Win32
		{F1D4B7AE-B4D3-4C7A-B7D9-BBD9BA353D76}.Release|x86.Build.0 = Release|Win32
		{72977321-065E-47BA-BDE8-FD8C4FA2045B}.Debug|x64.ActiveCfg = Debug|x64
		{72977321-065E-47BA-BDE8-FD8C4FA2045B}.Debug|x64.Build.0 = Debug|x64
		{72977321-065E-47BA-BDE8-FD8C4FA2045B}.Debug|x86.ActiveCfg = Debug|Win32
		{72977321-065E-47BA-BDE8-FD8C4FA2045B}.Debug|x86.Build.0 = Debug|Win32
		{72977321-065E-47BA-BDE8-FD8C4FA2045B}.Release|x64.ActiveCfg = Release|x64
		{72977321-065E-47BA-BDE8-FD8C4FA2045B}.Release|x64.Build.0 = Release|x64
		{72977321-065E-47BA-BDE8-FD8C4FA2045B}.Release|x86.ActiveCfg = Release|Win32
		{72977321-065E-47BA-BDE8-FD8C4FA2045B}.Release|x86.Build.0 = Release|Win32
		{508C2E30-CEDE-4BCA-A1E2-45FB1D95639F}.Debug|x64.ActiveCfg = Debug|x64
		{508C2E30-CEDE-4BCA-A1E2-45FB1D95639F}.Debug|x64.Build.0 = Debug|x64
		{508C2E30-CEDE-4BCA-A1E2-45FB1D95639F}.Debug|x86.ActiveCfg = Debug|Win32
		{508C2E30-CEDE-4BCA-A1E2-45FB1D95639F}.Debug|x86.Build.0 = Debug|Win32
		{508C2E30-CEDE-4BCA-A1E2-45FB1D95639F}.Release|x64.ActiveCfg = Release|x64
		{508C2E30-CEDE-4BCA-A1E2-45FB1D95639F}.Release|x64.Build.0 = Release|x64
		{508C2E30-CEDE-4BCA-A1E2-45FB1D95639F}.Release|x86.ActiveCfg = Release|Win32
		{508C2E30-CEDE-4BCA-A1E2-45FB1D95639F}.Release|x86.Build.0 = Release|Win32
	EndGlobalSection
	GlobalSection(SolutionProperties) = preSolution
		HideSolutionNode = FALSE
	EndGlobalSection
	GlobalSection(NestedProjects) = preSolution
		{52C19C49-C889-4BC9-8E12-EEF7CC8F0002} = {013C596D-592B-4EFF-83C1-030058923514}
		{920B6034-F6CC-4A8A-B4FE-6223C5130FD5} = {013C596D-592B-4EFF-83C1-030058923514}
		{1BF2D2EB-F3C5-422E-9EFA-C72EB68219E2} = {013C596D-592B-4EFF-83C1-030058923514}
		{4F1472DE-0B13-48CD-A5F8-3380D537F813} = {74A49E2C-6CB6-425F-AD48-EC1CC2FD2EF6}
		{BCE98DA4-B6CC-4168-BCE1-06ECB2511081} = {74A49E2C-6CB6-425F-AD48-EC1CC2FD2EF6}
		{62069B2E-CDFE-4851-B4D4-7284C2C3CF44} = {74A49E2C-6CB6-425F-AD48-EC1CC2FD2EF6}
		{E0FC9A18-C2BE-4384-A3A1-B191841ABB28} = {D9DB4EBD-0435-4052-9A24-D69E9592D804}
		{AE8657C6-EEE1-4525-BF14-9508D9E3E75C} = {D9DB4EBD-0435-4052-9A24-D69E9592D804}
		{C67694FA-791F-4AC9-A9C3-A7A1279C22E7} = {D9DB4EBD-0435-4052-9A24-D69E9592D804}
		{EFB6186C-22C5-4855-A6D2-D03EBC5B9193} = {90A22EBB-A78F-4F31-80FD-8048D727C276}
		{084ED851-8114-4825-86CA-C46FCE27520D} = {90A22EBB-A78F-4F31-80FD-8048D727C276}
		{5B561F20-D6B1-4F54-B717-E85923F4CA2F} = {90A22EBB-A78F-4F31-80FD-8048D727C276}
		{F1D4B7AE-B4D3-4C7A-B7D9-BBD9BA353D76} = {AA87C101-44A2-4525-A459-5CFBF3E3FE64}
		{72977321-065E-47BA-BDE8-FD8C4FA2045B} = {AA87C101-44A2-4525-A459-5CFBF3E3FE64}
		{508C2E30-CEDE-4BCA-A1E2-45FB1D95639F} = {AA87C101-44A2-4525-A459-5CFBF3E3FE64}
	EndGlobalSection
	GlobalSection(ExtensibilityGlobals) = postSolution
		SolutionGuid = {5378F037-5FCC-4E87-AF09-1188F1AE5352}
	EndGlobalSection
EndGlobal
